// !$*UTF8*$!
{
	archiveVersion = 1;
	classes = {
	};
	objectVersion = 50;
	objects = {

/* Begin PBXBuildFile section */
		9AD23E2025B49037007FDEAC /* AppDelegate.swift in Sources */ = {isa = PBXBuildFile; fileRef = 9AD23E1F25B49037007FDEAC /* AppDelegate.swift */; };
		9AD23E2225B49037007FDEAC /* SceneDelegate.swift in Sources */ = {isa = PBXBuildFile; fileRef = 9AD23E2125B49037007FDEAC /* SceneDelegate.swift */; };
		9AD23E2425B49037007FDEAC /* ContentView.swift in Sources */ = {isa = PBXBuildFile; fileRef = 9AD23E2325B49037007FDEAC /* ContentView.swift */; };
		9AD23E2725B49037007FDEAC /* SwiftUIToDoList2.xcdatamodeld in Sources */ = {isa = PBXBuildFile; fileRef = 9AD23E2525B49037007FDEAC /* SwiftUIToDoList2.xcdatamodeld */; };
		9AD23E2925B4903A007FDEAC /* Assets.xcassets in Resources */ = {isa = PBXBuildFile; fileRef = 9AD23E2825B4903A007FDEAC /* Assets.xcassets */; };
		9AD23E2C25B4903A007FDEAC /* Preview Assets.xcassets in Resources */ = {isa = PBXBuildFile; fileRef = 9AD23E2B25B4903A007FDEAC /* Preview Assets.xcassets */; };
		9AD23E2F25B4903A007FDEAC /* LaunchScreen.storyboard in Resources */ = {isa = PBXBuildFile; fileRef = 9AD23E2D25B4903A007FDEAC /* LaunchScreen.storyboard */; };
		9AD23E3825B49454007FDEAC /* ToDoListItem.swift in Sources */ = {isa = PBXBuildFile; fileRef = 9AD23E3725B49454007FDEAC /* ToDoListItem.swift */; };
/* End PBXBuildFile section */

/* Begin PBXFileReference section */
		9AD23E1C25B49037007FDEAC /* SwiftUIToDoList2.app */ = {isa = PBXFileReference; explicitFileType = wrapper.application; includeInIndex = 0; path = SwiftUIToDoList2.app; sourceTree = BUILT_PRODUCTS_DIR; };
		9AD23E1F25B49037007FDEAC /* AppDelegate.swift */ = {isa = PBXFileReference; lastKnownFileType = sourcecode.swift; path = AppDelegate.swift; sourceTree = "<group>"; };
		9AD23E2125B49037007FDEAC /* SceneDelegate.swift */ = {isa = PBXFileReference; lastKnownFileType = sourcecode.swift; path = SceneDelegate.swift; sourceTree = "<group>"; };
		9AD23E2325B49037007FDEAC /* ContentView.swift */ = {isa = PBXFileReference; lastKnownFileType = sourcecode.swift; path = ContentView.swift; sourceTree = "<group>"; };
		9AD23E2625B49037007FDEAC /* SwiftUIToDoList2.xcdatamodel */ = {isa = PBXFileReference; lastKnownFileType = wrapper.xcdatamodel; path = SwiftUIToDoList2.xcdatamodel; sourceTree = "<group>"; };
		9AD23E2825B4903A007FDEAC /* Assets.xcassets */ = {isa = PBXFileReference; lastKnownFileType = folder.assetcatalog; path = Assets.xcassets; sourceTree = "<group>"; };
		9AD23E2B25B4903A007FDEAC /* Preview Assets.xcassets */ = {isa = PBXFileReference; lastKnownFileType = folder.assetcatalog; path = "Preview Assets.xcassets"; sourceTree = "<group>"; };
		9AD23E2E25B4903A007FDEAC /* Base */ = {isa = PBXFileReference; lastKnownFileType = file.storyboard; name = Base; path = Base.lproj/LaunchScreen.storyboard; sourceTree = "<group>"; };
		9AD23E3025B4903A007FDEAC /* Info.plist */ = {isa = PBXFileReference; lastKnownFileType = text.plist.xml; path = Info.plist; sourceTree = "<group>"; };
		9AD23E3725B49454007FDEAC /* ToDoListItem.swift */ = {isa = PBXFileReference; lastKnownFileType = sourcecode.swift; path = ToDoListItem.swift; sourceTree = "<group>"; };
/* End PBXFileReference section */

/* Begin PBXFrameworksBuildPhase section */
		9AD23E1925B49037007FDEAC /* Frameworks */ = {
			isa = PBXFrameworksBuildPhase;
			buildActionMask = 2147483647;
			files = (
			);
			runOnlyForDeploymentPostprocessing = 0;
		};
/* End PBXFrameworksBuildPhase section */

/* Begin PBXGroup section */
		9AD23E1325B49037007FDEAC = {
			isa = PBXGroup;
			children = (
				9AD23E1E25B49037007FDEAC /* SwiftUIToDoList2 */,
				9AD23E1D25B49037007FDEAC /* Products */,
			);
			sourceTree = "<group>";
		};
		9AD23E1D25B49037007FDEAC /* Products */ = {
			isa = PBXGroup;
			children = (
				9AD23E1C25B49037007FDEAC /* SwiftUIToDoList2.app */,
			);
			name = Products;
			sourceTree = "<group>";
		};
		9AD23E1E25B49037007FDEAC /* SwiftUIToDoList2 */ = {
			isa = PBXGroup;
			children = (
				9AD23E1F25B49037007FDEAC /* AppDelegate.swift */,
				9AD23E2125B49037007FDEAC /* SceneDelegate.swift */,
				9AD23E2325B49037007FDEAC /* ContentView.swift */,
				9AD23E2825B4903A007FDEAC /* Assets.xcassets */,
				9AD23E2D25B4903A007FDEAC /* LaunchScreen.storyboard */,
				9AD23E3025B4903A007FDEAC /* Info.plist */,
				9AD23E2525B49037007FDEAC /* SwiftUIToDoList2.xcdatamodeld */,
				9AD23E2A25B4903A007FDEAC /* Preview Content */,
				9AD23E3725B49454007FDEAC /* ToDoListItem.swift */,
			);
			path = SwiftUIToDoList2;
			sourceTree = "<group>";
		};
		9AD23E2A25B4903A007FDEAC /* Preview Content */ = {
			isa = PBXGroup;
			children = (
				9AD23E2B25B4903A007FDEAC /* Preview Assets.xcassets */,
			);
			path = "Preview Content";
			sourceTree = "<group>";
		};
/* End PBXGroup section */

/* Begin PBXNativeTarget section */
		9AD23E1B25B49037007FDEAC /* SwiftUIToDoList2 */ = {
			isa = PBXNativeTarget;
			buildConfigurationList = 9AD23E3325B4903A007FDEAC /* Build configuration list for PBXNativeTarget "SwiftUIToDoList2" */;
			buildPhases = (
				9AD23E1825B49037007FDEAC /* Sources */,
				9AD23E1925B49037007FDEAC /* Frameworks */,
				9AD23E1A25B49037007FDEAC /* Resources */,
			);
			buildRules = (
			);
			dependencies = (
			);
			name = SwiftUIToDoList2;
			productName = SwiftUIToDoList2;
			productReference = 9AD23E1C25B49037007FDEAC /* SwiftUIToDoList2.app */;
			productType = "com.apple.product-type.application";
		};
/* End PBXNativeTarget section */

/* Begin PBXProject section */
		9AD23E1425B49037007FDEAC /* Project object */ = {
			isa = PBXProject;
			attributes = {
				LastSwiftUpdateCheck = 1230;
				LastUpgradeCheck = 1230;
				TargetAttributes = {
					9AD23E1B25B49037007FDEAC = {
						CreatedOnToolsVersion = 12.3;
					};
				};
			};
			buildConfigurationList = 9AD23E1725B49037007FDEAC /* Build configuration list for PBXProject "SwiftUIToDoList2" */;
			compatibilityVersion = "Xcode 9.3";
			developmentRegion = en;
			hasScannedForEncodings = 0;
			knownRegions = (
				en,
				Base,
			);
			mainGroup = 9AD23E1325B49037007FDEAC;
			productRefGroup = 9AD23E1D25B49037007FDEAC /* Products */;
			projectDirPath = "";
			projectRoot = "";
			targets = (
				9AD23E1B25B49037007FDEAC /* SwiftUIToDoList2 */,
			);
		};
/* End PBXProject section */

/* Begin PBXResourcesBuildPhase section */
		9AD23E1A25B49037007FDEAC /* Resources */ = {
			isa = PBXResourcesBuildPhase;
			buildActionMask = 2147483647;
			files = (
				9AD23E2F25B4903A007FDEAC /* LaunchScreen.storyboard in Resources */,
				9AD23E2C25B4903A007FDEAC /* Preview Assets.xcassets in Resources */,
				9AD23E2925B4903A007FDEAC /* Assets.xcassets in Resources */,
			);
			runOnlyForDeploymentPostprocessing = 0;
		};
/* End PBXResourcesBuildPhase section */

/* Begin PBXSourcesBuildPhase section */
		9AD23E1825B49037007FDEAC /* Sources */ = {
			isa = PBXSourcesBuildPhase;
			buildActionMask = 2147483647;
			files = (
				9AD23E2725B49037007FDEAC /* SwiftUIToDoList2.xcdatamodeld in Sources */,
				9AD23E2025B49037007FDEAC /* AppDelegate.swift in Sources */,
				9AD23E2225B49037007FDEAC /* SceneDelegate.swift in Sources */,
				9AD23E3825B49454007FDEAC /* ToDoListItem.swift in Sources */,
				9AD23E2425B49037007FDEAC /* ContentView.swift in Sources */,
			);
			runOnlyForDeploymentPostprocessing = 0;
		};
/* End PBXSourcesBuildPhase section */

/* Begin PBXVariantGroup section */
		9AD23E2D25B4903A007FDEAC /* LaunchScreen.storyboard */ = {
			isa = PBXVariantGroup;
			children = (
				9AD23E2E25B4903A007FDEAC /* Base */,
			);
			name = LaunchScreen.storyboard;
			sourceTree = "<group>";
		};
/* End PBXVariantGroup section */

/* Begin XCBuildConfiguration section */
		9AD23E3125B4903A007FDEAC /* Debug */ = {
			isa = XCBuildConfiguration;
			buildSettings = {
				ALWAYS_SEARCH_USER_PATHS = NO;
				CLANG_ANALYZER_NONNULL = YES;
				CLANG_ANALYZER_NUMBER_OBJECT_CONVERSION = YES_AGGRESSIVE;
				CLANG_CXX_LANGUAGE_STANDARD = "gnu++14";
				CLANG_CXX_LIBRARY = "libc++";
				CLANG_ENABLE_MODULES = YES;
				CLANG_ENABLE_OBJC_ARC = YES;
				CLANG_ENABLE_OBJC_WEAK = YES;
				CLANG_WARN_BLOCK_CAPTURE_AUTORELEASING = YES;
				CLANG_WARN_BOOL_CONVERSION = YES;
				CLANG_WARN_COMMA = YES;
				CLANG_WARN_CONSTANT_CONVERSION = YES;
				CLANG_WARN_DEPRECATED_OBJC_IMPLEMENTATIONS = YES;
				CLANG_WARN_DIRECT_OBJC_ISA_USAGE = YES_ERROR;
				CLANG_WARN_DOCUMENTATION_COMMENTS = YES;
				CLANG_WARN_EMPTY_BODY = YES;
				CLANG_WARN_ENUM_CONVERSION = YES;
				CLANG_WARN_INFINITE_RECURSION = YES;
				CLANG_WARN_INT_CONVERSION = YES;
				CLANG_WARN_NON_LITERAL_NULL_CONVERSION = YES;
				CLANG_WARN_OBJC_IMPLICIT_RETAIN_SELF = YES;
				CLANG_WARN_OBJC_LITERAL_CONVERSION = YES;
				CLANG_WARN_OBJC_ROOT_CLASS = YES_ERROR;
				CLANG_WARN_QUOTED_INCLUDE_IN_FRAMEWORK_HEADER = YES;
				CLANG_WARN_RANGE_LOOP_ANALYSIS = YES;
				CLANG_WARN_STRICT_PROTOTYPES = YES;
				CLANG_WARN_SUSPICIOUS_MOVE = YES;
				CLANG_WARN_UNGUARDED_AVAILABILITY = YES_AGGRESSIVE;
				CLANG_WARN_UNREACHABLE_CODE = YES;
				CLANG_WARN__DUPLICATE_METHOD_MATCH = YES;
				COPY_PHASE_STRIP = NO;
				DEBUG_INFORMATION_FORMAT = dwarf;
				ENABLE_STRICT_OBJC_MSGSEND = YES;
				ENABLE_TESTABILITY = YES;
				GCC_C_LANGUAGE_STANDARD = gnu11;
				GCC_DYNAMIC_NO_PIC = NO;
				GCC_NO_COMMON_BLOCKS = YES;
				GCC_OPTIMIZATION_LEVEL = 0;
				GCC_PREPROCESSOR_DEFINITIONS = (
					"DEBUG=1",
					"$(inherited)",
				);
				GCC_WARN_64_TO_32_BIT_CONVERSION = YES;
				GCC_WARN_ABOUT_RETURN_TYPE = YES_ERROR;
				GCC_WARN_UNDECLARED_SELECTOR = YES;
				GCC_WARN_UNINITIALIZED_AUTOS = YES_AGGRESSIVE;
				GCC_WARN_UNUSED_FUNCTION = YES;
				GCC_WARN_UNUSED_VARIABLE = YES;
				IPHONEOS_DEPLOYMENT_TARGET = 14.3;
				MTL_ENABLE_DEBUG_INFO = INCLUDE_SOURCE;
				MTL_FAST_MATH = YES;
				ONLY_ACTIVE_ARCH = YES;
				SDKROOT = iphoneos;
				SWIFT_ACTIVE_COMPILATION_CONDITIONS = DEBUG;
				SWIFT_OPTIMIZATION_LEVEL = "-Onone";
			};
			name = Debug;
		};
		9AD23E3225B4903A007FDEAC /* Release */ = {
			isa = XCBuildConfiguration;
			buildSettings = {
				ALWAYS_SEARCH_USER_PATHS = NO;
				CLANG_ANALYZER_NONNULL = YES;
				CLANG_ANALYZER_NUMBER_OBJECT_CONVERSION = YES_AGGRESSIVE;
				CLANG_CXX_LANGUAGE_STANDARD = "gnu++14";
				CLANG_CXX_LIBRARY = "libc++";
				CLANG_ENABLE_MODULES = YES;
				CLANG_ENABLE_OBJC_ARC = YES;
				CLANG_ENABLE_OBJC_WEAK = YES;
				CLANG_WARN_BLOCK_CAPTURE_AUTORELEASING = YES;
				CLANG_WARN_BOOL_CONVERSION = YES;
				CLANG_WARN_COMMA = YES;
				CLANG_WARN_CONSTANT_CONVERSION = YES;
				CLANG_WARN_DEPRECATED_OBJC_IMPLEMENTATIONS = YES;
				CLANG_WARN_DIRECT_OBJC_ISA_USAGE = YES_ERROR;
				CLANG_WARN_DOCUMENTATION_COMMENTS = YES;
				CLANG_WARN_EMPTY_BODY = YES;
				CLANG_WARN_ENUM_CONVERSION = YES;
				CLANG_WARN_INFINITE_RECURSION = YES;
				CLANG_WARN_INT_CONVERSION = YES;
				CLANG_WARN_NON_LITERAL_NULL_CONVERSION = YES;
				CLANG_WARN_OBJC_IMPLICIT_RETAIN_SELF = YES;
				CLANG_WARN_OBJC_LITERAL_CONVERSION = YES;
				CLANG_WARN_OBJC_ROOT_CLASS = YES_ERROR;
				CLANG_WARN_QUOTED_INCLUDE_IN_FRAMEWORK_HEADER = YES;
				CLANG_WARN_RANGE_LOOP_ANALYSIS = YES;
				CLANG_WARN_STRICT_PROTOTYPES = YES;
				CLANG_WARN_SUSPICIOUS_MOVE = YES;
				CLANG_WARN_UNGUARDED_AVAILABILITY = YES_AGGRESSIVE;
				CLANG_WARN_UNREACHABLE_CODE = YES;
				CLANG_WARN__DUPLICATE_METHOD_MATCH = YES;
				COPY_PHASE_STRIP = NO;
				DEBUG_INFORMATION_FORMAT = "dwarf-with-dsym";
				ENABLE_NS_ASSERTIONS = NO;
				ENABLE_STRICT_OBJC_MSGSEND = YES;
				GCC_C_LANGUAGE_STANDARD = gnu11;
				GCC_NO_COMMON_BLOCKS = YES;
				GCC_WARN_64_TO_32_BIT_CONVERSION = YES;
				GCC_WARN_ABOUT_RETURN_TYPE = YES_ERROR;
				GCC_WARN_UNDECLARED_SELECTOR = YES;
				GCC_WARN_UNINITIALIZED_AUTOS = YES_AGGRESSIVE;
				GCC_WARN_UNUSED_FUNCTION = YES;
				GCC_WARN_UNUSED_VARIABLE = YES;
				IPHONEOS_DEPLOYMENT_TARGET = 14.3;
				MTL_ENABLE_DEBUG_INFO = NO;
				MTL_FAST_MATH = YES;
				SDKROOT = iphoneos;
				SWIFT_COMPILATION_MODE = wholemodule;
				SWIFT_OPTIMIZATION_LEVEL = "-O";
				VALIDATE_PRODUCT = YES;
			};
			name = Release;
		};
		9AD23E3425B4903A007FDEAC /* Debug */ = {
			isa = XCBuildConfiguration;
			buildSettings = {
				ASSETCATALOG_COMPILER_APPICON_NAME = AppIcon;
				ASSETCATALOG_COMPILER_GLOBAL_ACCENT_COLOR_NAME = AccentColor;
				CODE_SIGN_STYLE = Automatic;
				DEVELOPMENT_ASSET_PATHS = "\"SwiftUIToDoList2/Preview Content\"";
				ENABLE_PREVIEWS = YES;
				INFOPLIST_FILE = SwiftUIToDoList2/Info.plist;
				LD_RUNPATH_SEARCH_PATHS = (
					"$(inherited)",
					"@executable_path/Frameworks",
				);
				PRODUCT_BUNDLE_IDENTIFIER = com.codewithanish.SwiftUIToDoList2;
				PRODUCT_NAME = "$(TARGET_NAME)";
				SWIFT_VERSION = 5.0;
				TARGETED_DEVICE_FAMILY = "1,2";
			};
			name = Debug;
		};
		9AD23E3525B4903A007FDEAC /* Release */ = {
			isa = XCBuildConfiguration;
			buildSettings = {
				ASSETCATALOG_COMPILER_APPICON_NAME = AppIcon;
				ASSETCATALOG_COMPILER_GLOBAL_ACCENT_COLOR_NAME = AccentColor;
				CODE_SIGN_STYLE = Automatic;
				DEVELOPMENT_ASSET_PATHS = "\"SwiftUIToDoList2/Preview Content\"";
				ENABLE_PREVIEWS = YES;
				INFOPLIST_FILE = SwiftUIToDoList2/Info.plist;
				LD_RUNPATH_SEARCH_PATHS = (
					"$(inherited)",
					"@executable_path/Frameworks",
				);
				PRODUCT_BUNDLE_IDENTIFIER = com.codewithanish.SwiftUIToDoList2;
				PRODUCT_NAME = "$(TARGET_NAME)";
				SWIFT_VERSION = 5.0;
				TARGETED_DEVICE_FAMILY = "1,2";
			};
			name = Release;
		};
/* End XCBuildConfiguration section */

/* Begin XCConfigurationList section */
		9AD23E1725B49037007FDEAC /* Build configuration list for PBXProject "SwiftUIToDoList2" */ = {
			isa = XCConfigurationList;
			buildConfigurations = (
				9AD23E3125B4903A007FDEAC /* Debug */,
				9AD23E3225B4903A007FDEAC /* Release */,
			);
			defaultConfigurationIsVisible = 0;
			defaultConfigurationName = Release;
		};
		9AD23E3325B4903A007FDEAC /* Build configuration list for PBXNativeTarget "SwiftUIToDoList2" */ = {
			isa = XCConfigurationList;
			buildConfigurations = (
				9AD23E3425B4903A007FDEAC /* Debug */,
				9AD23E3525B4903A007FDEAC /* Release */,
			);
			defaultConfigurationIsVisible = 0;
			defaultConfigurationName = Release;
		};
/* End XCConfigurationList section */

/* Begin XCVersionGroup section */
		9AD23E2525B49037007FDEAC /* SwiftUIToDoList2.xcdatamodeld */ = {
			isa = XCVersionGroup;
			children = (
				9AD23E2625B49037007FDEAC /* SwiftUIToDoList2.xcdatamodel */,
			);
			currentVersion = 9AD23E2625B49037007FDEAC /* SwiftUIToDoList2.xcdatamodel */;
			path = SwiftUIToDoList2.xcdatamodeld;
			sourceTree = "<group>";
			versionGroupType = wrapper.xcdatamodel;
		};
/* End XCVersionGroup section */
	};
	rootObject = 9AD23E1425B49037007FDEAC /* Project object */;
}
